{
  "name": "screensniper",
  "version": "1.0.0",
  "lockfileVersion": 3,
  "requires": true,
  "packages": {
    "": {
      "name": "screensniper",
      "version": "1.0.0",
      "license": "MIT",
      "dependencies": {
        "@screensniper/locales": "latest"
      },
      "devDependencies": {}
    },
    "node_modules/@screensniper/locales": {
      "version": "1.6.0",
      "resolved": "https://registry.npmjs.org/@screensniper/locales/-/locales-1.6.0.tgz",
      "integrity": "sha512-H/ciKj4ZcLI+S8GDyREhLuI51JJN+k+dZ/qBh5UubxWEnB6/gsF5/huhtzh0CVt8nVVkWaVTyR9FFdMzfMAzPA==",
      "license": "MIT"
    }
  }
}
